// !$*UTF8*$!
{
	archiveVersion = 1;
	classes = {
	};
	objectVersion = 46;
	objects = {

/* Begin PBXBuildFile section */
		9A3586011B58024D00D7953C /* AppDelegate.swift in Sources */ = {isa = PBXBuildFile; fileRef = 9A3586001B58024D00D7953C /* AppDelegate.swift */; };
		9A3586031B58024D00D7953C /* MasterViewController.swift in Sources */ = {isa = PBXBuildFile; fileRef = 9A3586021B58024D00D7953C /* MasterViewController.swift */; };
		9A3586051B58024D00D7953C /* DetailViewController.swift in Sources */ = {isa = PBXBuildFile; fileRef = 9A3586041B58024D00D7953C /* DetailViewController.swift */; };
		9A3586081B58024D00D7953C /* Main.storyboard in Resources */ = {isa = PBXBuildFile; fileRef = 9A3586061B58024D00D7953C /* Main.storyboard */; };
		9A35860A1B58024D00D7953C /* Images.xcassets in Resources */ = {isa = PBXBuildFile; fileRef = 9A3586091B58024D00D7953C /* Images.xcassets */; };
		9A35860D1B58024D00D7953C /* LaunchScreen.xib in Resources */ = {isa = PBXBuildFile; fileRef = 9A35860B1B58024D00D7953C /* LaunchScreen.xib */; };
		9A3586191B58024D00D7953C /* TestProjectTests.swift in Sources */ = {isa = PBXBuildFile; fileRef = 9A3586181B58024D00D7953C /* TestProjectTests.swift */; };
/* End PBXBuildFile section */

/* Begin PBXContainerItemProxy section */
		9A3586131B58024D00D7953C /* PBXContainerItemProxy */ = {
			isa = PBXContainerItemProxy;
			containerPortal = 9A3585F31B58024D00D7953C /* Project object */;
			proxyType = 1;
			remoteGlobalIDString = 9A3585FA1B58024D00D7953C;
			remoteInfo = TestProject;
		};
/* End PBXContainerItemProxy section */

/* Begin PBXFileReference section */
		9A3585FB1B58024D00D7953C /* TestProject.app */ = {isa = PBXFileReference; explicitFileType = wrapper.application; includeInIndex = 0; path = TestProject.app; sourceTree = BUILT_PRODUCTS_DIR; };
		9A3585FF1B58024D00D7953C /* Info.plist */ = {isa = PBXFileReference; lastKnownFileType = text.plist.xml; path = Info.plist; sourceTree = "<group>"; };
		9A3586001B58024D00D7953C /* AppDelegate.swift */ = {isa = PBXFileReference; lastKnownFileType = sourcecode.swift; path = AppDelegate.swift; sourceTree = "<group>"; };
		9A3586021B58024D00D7953C /* MasterViewController.swift */ = {isa = PBXFileReference; lastKnownFileType = sourcecode.swift; path = MasterViewController.swift; sourceTree = "<group>"; };
		9A3586041B58024D00D7953C /* DetailViewController.swift */ = {isa = PBXFileReference; lastKnownFileType = sourcecode.swift; path = DetailViewController.swift; sourceTree = "<group>"; };
		9A3586071B58024D00D7953C /* Base */ = {isa = PBXFileReference; lastKnownFileType = file.storyboard; name = Base; path = Base.lproj/Main.storyboard; sourceTree = "<group>"; };
		9A3586091B58024D00D7953C /* Images.xcassets */ = {isa = PBXFileReference; lastKnownFileType = folder.assetcatalog; path = Images.xcassets; sourceTree = "<group>"; };
		9A35860C1B58024D00D7953C /* Base */ = {isa = PBXFileReference; lastKnownFileType = file.xib; name = Base; path = Base.lproj/LaunchScreen.xib; sourceTree = "<group>"; };
		9A3586121B58024D00D7953C /* TestProjectTests.xctest */ = {isa = PBXFileReference; explicitFileType = wrapper.cfbundle; includeInIndex = 0; path = TestProjectTests.xctest; sourceTree = BUILT_PRODUCTS_DIR; };
		9A3586171B58024D00D7953C /* Info.plist */ = {isa = PBXFileReference; lastKnownFileType = text.plist.xml; path = Info.plist; sourceTree = "<group>"; };
		9A3586181B58024D00D7953C /* TestProjectTests.swift */ = {isa = PBXFileReference; lastKnownFileType = sourcecode.swift; path = TestProjectTests.swift; sourceTree = "<group>"; };
/* End PBXFileReference section */

/* Begin PBXFrameworksBuildPhase section */
		9A3585F81B58024D00D7953C /* Frameworks */ = {
			isa = PBXFrameworksBuildPhase;
			buildActionMask = 2147483647;
			files = (
			);
			runOnlyForDeploymentPostprocessing = 0;
		};
		9A35860F1B58024D00D7953C /* Frameworks */ = {
			isa = PBXFrameworksBuildPhase;
			buildActionMask = 2147483647;
			files = (
			);
			runOnlyForDeploymentPostprocessing = 0;
		};
/* End PBXFrameworksBuildPhase section */

/* Begin PBXGroup section */
		9A3585F21B58024D00D7953C = {
			isa = PBXGroup;
			children = (
				9A3585FD1B58024D00D7953C /* TestProject */,
				9A3586151B58024D00D7953C /* TestProjectTests */,
				9A3585FC1B58024D00D7953C /* Products */,
			);
			sourceTree = "<group>";
		};
		9A3585FC1B58024D00D7953C /* Products */ = {
			isa = PBXGroup;
			children = (
				9A3585FB1B58024D00D7953C /* TestProject.app */,
				9A3586121B58024D00D7953C /* TestProjectTests.xctest */,
			);
			name = Products;
			sourceTree = "<group>";
		};
		9A3585FD1B58024D00D7953C /* TestProject */ = {
			isa = PBXGroup;
			children = (
				9A3586001B58024D00D7953C /* AppDelegate.swift */,
				9A3586021B58024D00D7953C /* MasterViewController.swift */,
				9A3586041B58024D00D7953C /* DetailViewController.swift */,
				9A3586061B58024D00D7953C /* Main.storyboard */,
				9A3586091B58024D00D7953C /* Images.xcassets */,
				9A35860B1B58024D00D7953C /* LaunchScreen.xib */,
				9A3585FE1B58024D00D7953C /* Supporting Files */,
			);
			path = TestProject;
			sourceTree = "<group>";
		};
		9A3585FE1B58024D00D7953C /* Supporting Files */ = {
			isa = PBXGroup;
			children = (
				9A3585FF1B58024D00D7953C /* Info.plist */,
			);
			name = "Supporting Files";
			sourceTree = "<group>";
		};
		9A3586151B58024D00D7953C /* TestProjectTests */ = {
			isa = PBXGroup;
			children = (
				9A3586181B58024D00D7953C /* TestProjectTests.swift */,
				9A3586161B58024D00D7953C /* Supporting Files */,
			);
			path = TestProjectTests;
			sourceTree = "<group>";
		};
		9A3586161B58024D00D7953C /* Supporting Files */ = {
			isa = PBXGroup;
			children = (
				9A3586171B58024D00D7953C /* Info.plist */,
			);
			name = "Supporting Files";
			sourceTree = "<group>";
		};
/* End PBXGroup section */

/* Begin PBXNativeTarget section */
		9A3585FA1B58024D00D7953C /* TestProject */ = {
			isa = PBXNativeTarget;
			buildConfigurationList = 9A35861C1B58024D00D7953C /* Build configuration list for PBXNativeTarget "TestProject" */;
			buildPhases = (
				9A3585F71B58024D00D7953C /* Sources */,
				9A3585F81B58024D00D7953C /* Frameworks */,
				9A3585F91B58024D00D7953C /* Resources */,
			);
			buildRules = (
			);
			dependencies = (
			);
			name = TestProject;
			productName = TestProject;
			productReference = 9A3585FB1B58024D00D7953C /* TestProject.app */;
			productType = "com.apple.product-type.application";
		};
		9A3586111B58024D00D7953C /* TestProjectTests */ = {
			isa = PBXNativeTarget;
			buildConfigurationList = 9A35861F1B58024D00D7953C /* Build configuration list for PBXNativeTarget "TestProjectTests" */;
			buildPhases = (
				9A35860E1B58024D00D7953C /* Sources */,
				9A35860F1B58024D00D7953C /* Frameworks */,
				9A3586101B58024D00D7953C /* Resources */,
			);
			buildRules = (
			);
			dependencies = (
				9A3586141B58024D00D7953C /* PBXTargetDependency */,
			);
			name = TestProjectTests;
			productName = TestProjectTests;
			productReference = 9A3586121B58024D00D7953C /* TestProjectTests.xctest */;
			productType = "com.apple.product-type.bundle.unit-test";
		};
/* End PBXNativeTarget section */

/* Begin PBXProject section */
		9A3585F31B58024D00D7953C /* Project object */ = {
			isa = PBXProject;
			attributes = {
				LastUpgradeCheck = 0640;
				ORGANIZATIONNAME = "m-wise";
				TargetAttributes = {
					9A3585FA1B58024D00D7953C = {
						CreatedOnToolsVersion = 6.4;
					};
					9A3586111B58024D00D7953C = {
						CreatedOnToolsVersion = 6.4;
						TestTargetID = 9A3585FA1B58024D00D7953C;
					};
				};
			};
			buildConfigurationList = 9A3585F61B58024D00D7953C /* Build configuration list for PBXProject "TestProject" */;
			compatibilityVersion = "Xcode 3.2";
			developmentRegion = English;
			hasScannedForEncodings = 0;
			knownRegions = (
				en,
				Base,
			);
			mainGroup = 9A3585F21B58024D00D7953C;
			productRefGroup = 9A3585FC1B58024D00D7953C /* Products */;
			projectDirPath = "";
			projectRoot = "";
			targets = (
				9A3585FA1B58024D00D7953C /* TestProject */,
				9A3586111B58024D00D7953C /* TestProjectTests */,
			);
		};
/* End PBXProject section */

/* Begin PBXResourcesBuildPhase section */
		9A3585F91B58024D00D7953C /* Resources */ = {
			isa = PBXResourcesBuildPhase;
			buildActionMask = 2147483647;
			files = (
				9A3586081B58024D00D7953C /* Main.storyboard in Resources */,
				9A35860D1B58024D00D7953C /* LaunchScreen.xib in Resources */,
				9A35860A1B58024D00D7953C /* Images.xcassets in Resources */,
			);
			runOnlyForDeploymentPostprocessing = 0;
		};
		9A3586101B58024D00D7953C /* Resources */ = {
			isa = PBXResourcesBuildPhase;
			buildActionMask = 2147483647;
			files = (
			);
			runOnlyForDeploymentPostprocessing = 0;
		};
/* End PBXResourcesBuildPhase section */

/* Begin PBXSourcesBuildPhase section */
		9A3585F71B58024D00D7953C /* Sources */ = {
			isa = PBXSourcesBuildPhase;
			buildActionMask = 2147483647;
			files = (
				9A3586051B58024D00D7953C /* DetailViewController.swift in Sources */,
				9A3586031B58024D00D7953C /* MasterViewController.swift in Sources */,
				9A3586011B58024D00D7953C /* AppDelegate.swift in Sources */,
			);
			runOnlyForDeploymentPostprocessing = 0;
		};
		9A35860E1B58024D00D7953C /* Sources */ = {
			isa = PBXSourcesBuildPhase;
			buildActionMask = 2147483647;
			files = (
				9A3586191B58024D00D7953C /* TestProjectTests.swift in Sources */,
			);
			runOnlyForDeploymentPostprocessing = 0;
		};
/* End PBXSourcesBuildPhase section */

/* Begin PBXTargetDependency section */
		9A3586141B58024D00D7953C /* PBXTargetDependency */ = {
			isa = PBXTargetDependency;
			target = 9A3585FA1B58024D00D7953C /* TestProject */;
			targetProxy = 9A3586131B58024D00D7953C /* PBXContainerItemProxy */;
		};
/* End PBXTargetDependency section */

/* Begin PBXVariantGroup section */
		9A3586061B58024D00D7953C /* Main.storyboard */ = {
			isa = PBXVariantGroup;
			children = (
				9A3586071B58024D00D7953C /* Base */,
			);
			name = Main.storyboard;
			sourceTree = "<group>";
		};
		9A35860B1B58024D00D7953C /* LaunchScreen.xib */ = {
			isa = PBXVariantGroup;
			children = (
				9A35860C1B58024D00D7953C /* Base */,
			);
			name = LaunchScreen.xib;
			sourceTree = "<group>";
		};
/* End PBXVariantGroup section */

/* Begin XCBuildConfiguration section */
		9A35861A1B58024D00D7953C /* Debug */ = {
			isa = XCBuildConfiguration;
			buildSettings = {
				ALWAYS_SEARCH_USER_PATHS = NO;
				CLANG_CXX_LANGUAGE_STANDARD = "gnu++0x";
				CLANG_CXX_LIBRARY = "libc++";
				CLANG_ENABLE_MODULES = YES;
				CLANG_ENABLE_OBJC_ARC = YES;
				CLANG_WARN_BOOL_CONVERSION = YES;
				CLANG_WARN_CONSTANT_CONVERSION = YES;
				CLANG_WARN_DIRECT_OBJC_ISA_USAGE = YES_ERROR;
				CLANG_WARN_EMPTY_BODY = YES;
				CLANG_WARN_ENUM_CONVERSION = YES;
				CLANG_WARN_INT_CONVERSION = YES;
				CLANG_WARN_OBJC_ROOT_CLASS = YES_ERROR;
				CLANG_WARN_UNREACHABLE_CODE = YES;
				CLANG_WARN__DUPLICATE_METHOD_MATCH = YES;
				"CODE_SIGN_IDENTITY[sdk=iphoneos*]" = "iPhone Developer";
				COPY_PHASE_STRIP = NO;
				DEBUG_INFORMATION_FORMAT = "dwarf-with-dsym";
				ENABLE_STRICT_OBJC_MSGSEND = YES;
				GCC_C_LANGUAGE_STANDARD = gnu99;
				GCC_DYNAMIC_NO_PIC = NO;
				GCC_NO_COMMON_BLOCKS = YES;
				GCC_OPTIMIZATION_LEVEL = 0;
				GCC_PREPROCESSOR_DEFINITIONS = (
					"DEBUG=1",
					"$(inherited)",
				);
				GCC_SYMBOLS_PRIVATE_EXTERN = NO;
				GCC_WARN_64_TO_32_BIT_CONVERSION = YES;
				GCC_WARN_ABOUT_RETURN_TYPE = YES_ERROR;
				GCC_WARN_UNDECLARED_SELECTOR = YES;
				GCC_WARN_UNINITIALIZED_AUTOS = YES_AGGRESSIVE;
				GCC_WARN_UNUSED_FUNCTION = YES;
				GCC_WARN_UNUSED_VARIABLE = YES;
				IPHONEOS_DEPLOYMENT_TARGET = 8.4;
				MTL_ENABLE_DEBUG_INFO = YES;
				ONLY_ACTIVE_ARCH = YES;
				SDKROOT = iphoneos;
				SWIFT_OPTIMIZATION_LEVEL = "-Onone";
			};
			name = Debug;
		};
		9A35861B1B58024D00D7953C /* Release */ = {
			isa = XCBuildConfiguration;
			buildSettings = {
				ALWAYS_SEARCH_USER_PATHS = NO;
				CLANG_CXX_LANGUAGE_STANDARD = "gnu++0x";
				CLANG_CXX_LIBRARY = "libc++";
				CLANG_ENABLE_MODULES = YES;
				CLANG_ENABLE_OBJC_ARC = YES;
				CLANG_WARN_BOOL_CONVERSION = YES;
				CLANG_WARN_CONSTANT_CONVERSION = YES;
				CLANG_WARN_DIRECT_OBJC_ISA_USAGE = YES_ERROR;
				CLANG_WARN_EMPTY_BODY = YES;
				CLANG_WARN_ENUM_CONVERSION = YES;
				CLANG_WARN_INT_CONVERSION = YES;
				CLANG_WARN_OBJC_ROOT_CLASS = YES_ERROR;
				CLANG_WARN_UNREACHABLE_CODE = YES;
				CLANG_WARN__DUPLICATE_METHOD_MATCH = YES;
				"CODE_SIGN_IDENTITY[sdk=iphoneos*]" = "iPhone Developer";
				COPY_PHASE_STRIP = NO;
				DEBUG_INFORMATION_FORMAT = "dwarf-with-dsym";
				ENABLE_NS_ASSERTIONS = NO;
				ENABLE_STRICT_OBJC_MSGSEND = YES;
				GCC_C_LANGUAGE_STANDARD = gnu99;
				GCC_NO_COMMON_BLOCKS = YES;
				GCC_WARN_64_TO_32_BIT_CONVERSION = YES;
				GCC_WARN_ABOUT_RETURN_TYPE = YES_ERROR;
				GCC_WARN_UNDECLARED_SELECTOR = YES;
				GCC_WARN_UNINITIALIZED_AUTOS = YES_AGGRESSIVE;
				GCC_WARN_UNUSED_FUNCTION = YES;
				GCC_WARN_UNUSED_VARIABLE = YES;
				IPHONEOS_DEPLOYMENT_TARGET = 8.4;
				MTL_ENABLE_DEBUG_INFO = NO;
				SDKROOT = iphoneos;
				VALIDATE_PRODUCT = YES;
			};
			name = Release;
		};
		9A35861D1B58024D00D7953C /* Debug */ = {
			isa = XCBuildConfiguration;
			buildSettings = {
				ASSETCATALOG_COMPILER_APPICON_NAME = AppIcon;
				INFOPLIST_FILE = TestProject/Info.plist;
				LD_RUNPATH_SEARCH_PATHS = "$(inherited) @executable_path/Frameworks";
				PRODUCT_NAME = "$(TARGET_NAME)";
			};
			name = Debug;
		};
		9A35861E1B58024D00D7953C /* Release */ = {
			isa = XCBuildConfiguration;
			buildSettings = {
				ASSETCATALOG_COMPILER_APPICON_NAME = AppIcon;
				INFOPLIST_FILE = TestProject/Info.plist;
				LD_RUNPATH_SEARCH_PATHS = "$(inherited) @executable_path/Frameworks";
				PRODUCT_NAME = "$(TARGET_NAME)";
			};
			name = Release;
		};
		9A3586201B58024D00D7953C /* Debug */ = {
			isa = XCBuildConfiguration;
			buildSettings = {
				BUNDLE_LOADER = "$(TEST_HOST)";
				FRAMEWORK_SEARCH_PATHS = (
					"$(SDKROOT)/Developer/Library/Frameworks",
					"$(inherited)",
				);
				GCC_PREPROCESSOR_DEFINITIONS = (
					"DEBUG=1",
					"$(inherited)",
				);
				INFOPLIST_FILE = TestProjectTests/Info.plist;
				LD_RUNPATH_SEARCH_PATHS = "$(inherited) @executable_path/Frameworks @loader_path/Frameworks";
				PRODUCT_NAME = "$(TARGET_NAME)";
				TEST_HOST = "$(BUILT_PRODUCTS_DIR)/TestProject.app/TestProject";
			};
			name = Debug;
		};
		9A3586211B58024D00D7953C /* Release */ = {
			isa = XCBuildConfiguration;
			buildSettings = {
				BUNDLE_LOADER = "$(TEST_HOST)";
				FRAMEWORK_SEARCH_PATHS = (
					"$(SDKROOT)/Developer/Library/Frameworks",
					"$(inherited)",
				);
				INFOPLIST_FILE = TestProjectTests/Info.plist;
				LD_RUNPATH_SEARCH_PATHS = "$(inherited) @executable_path/Frameworks @loader_path/Frameworks";
				PRODUCT_NAME = "$(TARGET_NAME)";
				TEST_HOST = "$(BUILT_PRODUCTS_DIR)/TestProject.app/TestProject";
			};
			name = Release;
		};
/* End XCBuildConfiguration section */

/* Begin XCConfigurationList section */
		9A3585F61B58024D00D7953C /* Build configuration list for PBXProject "TestProject" */ = {
			isa = XCConfigurationList;
			buildConfigurations = (
				9A35861A1B58024D00D7953C /* Debug */,
				9A35861B1B58024D00D7953C /* Release */,
			);
			defaultConfigurationIsVisible = 0;
			defaultConfigurationName = Release;
		};
		9A35861C1B58024D00D7953C /* Build configuration list for PBXNativeTarget "TestProject" */ = {
			isa = XCConfigurationList;
			buildConfigurations = (
				9A35861D1B58024D00D7953C /* Debug */,
				9A35861E1B58024D00D7953C /* Release */,
			);
			defaultConfigurationIsVisible = 0;
		};
		9A35861F1B58024D00D7953C /* Build configuration list for PBXNativeTarget "TestProjectTests" */ = {
			isa = XCConfigurationList;
			buildConfigurations = (
				9A3586201B58024D00D7953C /* Debug */,
				9A3586211B58024D00D7953C /* Release */,
			);
			defaultConfigurationIsVisible = 0;
		};
/* End XCConfigurationList section */
	};
	rootObject = 9A3585F31B58024D00D7953C /* Project object */;
}
